schema: '2.0'
stages:
  train:
    cmd: python src/train.py --data_dir data --epochs 5 --batch_size 32 --lr 
      0.001
    deps:
    - path: data/Cat
      hash: md5
      md5: b997c8af1a1cea6387367948eef1ddb3.dir
      size: 388422190
      nfiles: 12499
    - path: data/Dog
      hash: md5
      md5: e977e9666bdb6935f2faca1a9556a1aa.dir
      size: 460444220
      nfiles: 12499
    - path: src/data_loader.py
      hash: md5
      md5: 356628863bcb4bf92d81f5bbec7fef52
      size: 3845
    - path: src/train.py
      hash: md5
      md5: 114249865e21619f0da69abd248d58df
      size: 4486
    params:
      params.yaml:
        batch_size: 32
        data_dir: data
        epochs: 5
        learning_rate: 0.001
    outs:
    - path: models/model.pt
      hash: md5
      md5: 6cea7f546e792c217a4ab5310e1393c7
      size: 44780939
  evaluate:
    cmd: python src/evaluate.py --model_path models/model.pt --data_dir data
    deps:
    - path: models/model.pt
      hash: md5
      md5: 6cea7f546e792c217a4ab5310e1393c7
      size: 44780939
    - path: src/evaluate.py
      hash: md5
      md5: f93f0e6cb0a41d6d3a2b069348fa99d9
      size: 2337
    outs:
    - path: metrics.json
      hash: md5
      md5: ccbf5e75953cd33be24a90fbfa583ed5
      size: 84
